// !$*UTF8*$!
{
	archiveVersion = 1;
	classes = {
	};
	objectVersion = 56;
	objects = {

/* Begin PBXBuildFile section */
		0008CD7B292C034A00713391 /* Pods_VkNewsFeedCleanSwift.framework in Frameworks */ = {isa = PBXBuildFile; fileRef = D343DE99C921144AF35F84E8 /* Pods_VkNewsFeedCleanSwift.framework */; };
		0008CD7C292C034A00713391 /* Pods_VkNewsFeedCleanSwift.framework in Embed Frameworks */ = {isa = PBXBuildFile; fileRef = D343DE99C921144AF35F84E8 /* Pods_VkNewsFeedCleanSwift.framework */; settings = {ATTRIBUTES = (CodeSignOnCopy, RemoveHeadersOnCopy, ); }; };
		0008CD7F292C03F900713391 /* AuthService.swift in Sources */ = {isa = PBXBuildFile; fileRef = 0008CD7E292C03F900713391 /* AuthService.swift */; };
		0008CD82292C060800713391 /* AuthViewController.storyboard in Resources */ = {isa = PBXBuildFile; fileRef = 0008CD81292C060800713391 /* AuthViewController.storyboard */; };
		000EF00629314551006F9147 /* NewsFeedCellLayoutCalculator.swift in Sources */ = {isa = PBXBuildFile; fileRef = 000EF00529314551006F9147 /* NewsFeedCellLayoutCalculator.swift */; };
		000EF00829315283006F9147 /* String + Height.swift in Sources */ = {isa = PBXBuildFile; fileRef = 000EF00729315283006F9147 /* String + Height.swift */; };
		004E8191292BE2B10030DBDD /* AppDelegate.swift in Sources */ = {isa = PBXBuildFile; fileRef = 004E8190292BE2B10030DBDD /* AppDelegate.swift */; };
		004E8193292BE2B10030DBDD /* SceneDelegate.swift in Sources */ = {isa = PBXBuildFile; fileRef = 004E8192292BE2B10030DBDD /* SceneDelegate.swift */; };
		004E8195292BE2B10030DBDD /* AuthViewController.swift in Sources */ = {isa = PBXBuildFile; fileRef = 004E8194292BE2B10030DBDD /* AuthViewController.swift */; };
		004E819A292BE2B20030DBDD /* Assets.xcassets in Resources */ = {isa = PBXBuildFile; fileRef = 004E8199292BE2B20030DBDD /* Assets.xcassets */; };
		004E819D292BE2B20030DBDD /* LaunchScreen.storyboard in Resources */ = {isa = PBXBuildFile; fileRef = 004E819B292BE2B20030DBDD /* LaunchScreen.storyboard */; };
		005BFC81292E62A4005A9364 /* NewsFeedPresenter.swift in Sources */ = {isa = PBXBuildFile; fileRef = 005BFC7A292E62A4005A9364 /* NewsFeedPresenter.swift */; };
		005BFC82292E62A4005A9364 /* NewsFeedWorker.swift in Sources */ = {isa = PBXBuildFile; fileRef = 005BFC7B292E62A4005A9364 /* NewsFeedWorker.swift */; };
		005BFC83292E62A4005A9364 /* NewsFeedRouter.swift in Sources */ = {isa = PBXBuildFile; fileRef = 005BFC7C292E62A4005A9364 /* NewsFeedRouter.swift */; };
		005BFC84292E62A4005A9364 /* NewsFeedModels.swift in Sources */ = {isa = PBXBuildFile; fileRef = 005BFC7D292E62A4005A9364 /* NewsFeedModels.swift */; };
		005BFC85292E62A4005A9364 /* NewsFeedViewController.swift in Sources */ = {isa = PBXBuildFile; fileRef = 005BFC7E292E62A4005A9364 /* NewsFeedViewController.swift */; };
		005BFC86292E62A4005A9364 /* NewsFeedInteractor.swift in Sources */ = {isa = PBXBuildFile; fileRef = 005BFC7F292E62A4005A9364 /* NewsFeedInteractor.swift */; };
		005BFC89292E7B0B005A9364 /* NewsFeedViewController.storyboard in Resources */ = {isa = PBXBuildFile; fileRef = 005BFC88292E7B0B005A9364 /* NewsFeedViewController.storyboard */; };
		005BFC8C292E9E91005A9364 /* NewsfeedCell.swift in Sources */ = {isa = PBXBuildFile; fileRef = 005BFC8B292E9E91005A9364 /* NewsfeedCell.swift */; };
		005BFC8E292E9ED6005A9364 /* NewsfeedCell.xib in Resources */ = {isa = PBXBuildFile; fileRef = 005BFC8D292E9ED6005A9364 /* NewsfeedCell.xib */; };
		006DC0D8292D20C200B3AA20 /* NetworkService.swift in Sources */ = {isa = PBXBuildFile; fileRef = 006DC0D7292D20C200B3AA20 /* NetworkService.swift */; };
		006DC0DA292D21C300B3AA20 /* API.swift in Sources */ = {isa = PBXBuildFile; fileRef = 006DC0D9292D21C300B3AA20 /* API.swift */; };
		006DC0E3292D67FF00B3AA20 /* FeedResponse.swift in Sources */ = {isa = PBXBuildFile; fileRef = 006DC0E2292D67FF00B3AA20 /* FeedResponse.swift */; };
		006DC0E5292E496500B3AA20 /* NetworkDataFetcher.swift in Sources */ = {isa = PBXBuildFile; fileRef = 006DC0E4292E496500B3AA20 /* NetworkDataFetcher.swift */; };
		00A24E1D292FC6F700E7CD6B /* WebImageView.swift in Sources */ = {isa = PBXBuildFile; fileRef = 00A24E1C292FC6F700E7CD6B /* WebImageView.swift */; };
/* End PBXBuildFile section */

/* Begin PBXCopyFilesBuildPhase section */
		0008CD7D292C034A00713391 /* Embed Frameworks */ = {
			isa = PBXCopyFilesBuildPhase;
			buildActionMask = 2147483647;
			dstPath = "";
			dstSubfolderSpec = 10;
			files = (
				0008CD7C292C034A00713391 /* Pods_VkNewsFeedCleanSwift.framework in Embed Frameworks */,
			);
			name = "Embed Frameworks";
			runOnlyForDeploymentPostprocessing = 0;
		};
/* End PBXCopyFilesBuildPhase section */

/* Begin PBXFileReference section */
		0008CD7E292C03F900713391 /* AuthService.swift */ = {isa = PBXFileReference; lastKnownFileType = sourcecode.swift; path = AuthService.swift; sourceTree = "<group>"; };
		0008CD81292C060800713391 /* AuthViewController.storyboard */ = {isa = PBXFileReference; lastKnownFileType = file.storyboard; path = AuthViewController.storyboard; sourceTree = "<group>"; };
		000EF00529314551006F9147 /* NewsFeedCellLayoutCalculator.swift */ = {isa = PBXFileReference; lastKnownFileType = sourcecode.swift; path = NewsFeedCellLayoutCalculator.swift; sourceTree = "<group>"; };
		000EF00729315283006F9147 /* String + Height.swift */ = {isa = PBXFileReference; lastKnownFileType = sourcecode.swift; path = "String + Height.swift"; sourceTree = "<group>"; };
		004E818D292BE2B10030DBDD /* VkNewsFeedCleanSwift.app */ = {isa = PBXFileReference; explicitFileType = wrapper.application; includeInIndex = 0; path = VkNewsFeedCleanSwift.app; sourceTree = BUILT_PRODUCTS_DIR; };
		004E8190292BE2B10030DBDD /* AppDelegate.swift */ = {isa = PBXFileReference; lastKnownFileType = sourcecode.swift; path = AppDelegate.swift; sourceTree = "<group>"; };
		004E8192292BE2B10030DBDD /* SceneDelegate.swift */ = {isa = PBXFileReference; lastKnownFileType = sourcecode.swift; path = SceneDelegate.swift; sourceTree = "<group>"; };
		004E8194292BE2B10030DBDD /* AuthViewController.swift */ = {isa = PBXFileReference; lastKnownFileType = sourcecode.swift; path = AuthViewController.swift; sourceTree = "<group>"; };
		004E8199292BE2B20030DBDD /* Assets.xcassets */ = {isa = PBXFileReference; lastKnownFileType = folder.assetcatalog; path = Assets.xcassets; sourceTree = "<group>"; };
		004E819C292BE2B20030DBDD /* Base */ = {isa = PBXFileReference; lastKnownFileType = file.storyboard; name = Base; path = Base.lproj/LaunchScreen.storyboard; sourceTree = "<group>"; };
		004E819E292BE2B20030DBDD /* Info.plist */ = {isa = PBXFileReference; lastKnownFileType = text.plist.xml; path = Info.plist; sourceTree = "<group>"; };
		004E81A6292BEDDD0030DBDD /* VKSdkFramework */ = {isa = PBXFileReference; lastKnownFileType = "compiled.mach-o.dylib"; name = VKSdkFramework; path = Carthage/Build/iOS/VKSdkFramework.framework/VKSdkFramework; sourceTree = "<group>"; };
		005BFC7A292E62A4005A9364 /* NewsFeedPresenter.swift */ = {isa = PBXFileReference; lastKnownFileType = sourcecode.swift; path = NewsFeedPresenter.swift; sourceTree = "<group>"; };
		005BFC7B292E62A4005A9364 /* NewsFeedWorker.swift */ = {isa = PBXFileReference; lastKnownFileType = sourcecode.swift; path = NewsFeedWorker.swift; sourceTree = "<group>"; };
		005BFC7C292E62A4005A9364 /* NewsFeedRouter.swift */ = {isa = PBXFileReference; lastKnownFileType = sourcecode.swift; path = NewsFeedRouter.swift; sourceTree = "<group>"; };
		005BFC7D292E62A4005A9364 /* NewsFeedModels.swift */ = {isa = PBXFileReference; lastKnownFileType = sourcecode.swift; path = NewsFeedModels.swift; sourceTree = "<group>"; };
		005BFC7E292E62A4005A9364 /* NewsFeedViewController.swift */ = {isa = PBXFileReference; lastKnownFileType = sourcecode.swift; path = NewsFeedViewController.swift; sourceTree = "<group>"; };
		005BFC7F292E62A4005A9364 /* NewsFeedInteractor.swift */ = {isa = PBXFileReference; lastKnownFileType = sourcecode.swift; path = NewsFeedInteractor.swift; sourceTree = "<group>"; };
		005BFC88292E7B0B005A9364 /* NewsFeedViewController.storyboard */ = {isa = PBXFileReference; lastKnownFileType = file.storyboard; path = NewsFeedViewController.storyboard; sourceTree = "<group>"; };
		005BFC8B292E9E91005A9364 /* NewsfeedCell.swift */ = {isa = PBXFileReference; lastKnownFileType = sourcecode.swift; path = NewsfeedCell.swift; sourceTree = "<group>"; };
		005BFC8D292E9ED6005A9364 /* NewsfeedCell.xib */ = {isa = PBXFileReference; lastKnownFileType = file.xib; path = NewsfeedCell.xib; sourceTree = "<group>"; };
		006DC0D7292D20C200B3AA20 /* NetworkService.swift */ = {isa = PBXFileReference; lastKnownFileType = sourcecode.swift; path = NetworkService.swift; sourceTree = "<group>"; };
		006DC0D9292D21C300B3AA20 /* API.swift */ = {isa = PBXFileReference; lastKnownFileType = sourcecode.swift; path = API.swift; sourceTree = "<group>"; };
		006DC0E2292D67FF00B3AA20 /* FeedResponse.swift */ = {isa = PBXFileReference; lastKnownFileType = sourcecode.swift; path = FeedResponse.swift; sourceTree = "<group>"; };
		006DC0E4292E496500B3AA20 /* NetworkDataFetcher.swift */ = {isa = PBXFileReference; lastKnownFileType = sourcecode.swift; path = NetworkDataFetcher.swift; sourceTree = "<group>"; };
		00A24E1C292FC6F700E7CD6B /* WebImageView.swift */ = {isa = PBXFileReference; lastKnownFileType = sourcecode.swift; path = WebImageView.swift; sourceTree = "<group>"; };
		B103EAE2FACC6970B3F1A607 /* Pods-VkNewsFeedCleanSwift.release.xcconfig */ = {isa = PBXFileReference; includeInIndex = 1; lastKnownFileType = text.xcconfig; name = "Pods-VkNewsFeedCleanSwift.release.xcconfig"; path = "Target Support Files/Pods-VkNewsFeedCleanSwift/Pods-VkNewsFeedCleanSwift.release.xcconfig"; sourceTree = "<group>"; };
		D343DE99C921144AF35F84E8 /* Pods_VkNewsFeedCleanSwift.framework */ = {isa = PBXFileReference; explicitFileType = wrapper.framework; includeInIndex = 0; path = Pods_VkNewsFeedCleanSwift.framework; sourceTree = BUILT_PRODUCTS_DIR; };
		DCF9C220BAA9B584820E9FE9 /* Pods-VkNewsFeedCleanSwift.debug.xcconfig */ = {isa = PBXFileReference; includeInIndex = 1; lastKnownFileType = text.xcconfig; name = "Pods-VkNewsFeedCleanSwift.debug.xcconfig"; path = "Target Support Files/Pods-VkNewsFeedCleanSwift/Pods-VkNewsFeedCleanSwift.debug.xcconfig"; sourceTree = "<group>"; };
/* End PBXFileReference section */

/* Begin PBXFrameworksBuildPhase section */
		004E818A292BE2B10030DBDD /* Frameworks */ = {
			isa = PBXFrameworksBuildPhase;
			buildActionMask = 2147483647;
			files = (
				0008CD7B292C034A00713391 /* Pods_VkNewsFeedCleanSwift.framework in Frameworks */,
			);
			runOnlyForDeploymentPostprocessing = 0;
		};
/* End PBXFrameworksBuildPhase section */

/* Begin PBXGroup section */
		0008CD80292C03FF00713391 /* Services */ = {
			isa = PBXGroup;
			children = (
				006DC0E1292D62D900B3AA20 /* Models */,
				0008CD7E292C03F900713391 /* AuthService.swift */,
				006DC0D7292D20C200B3AA20 /* NetworkService.swift */,
				006DC0E4292E496500B3AA20 /* NetworkDataFetcher.swift */,
				006DC0D9292D21C300B3AA20 /* API.swift */,
				00A24E1C292FC6F700E7CD6B /* WebImageView.swift */,
				000EF00729315283006F9147 /* String + Height.swift */,
			);
			path = Services;
			sourceTree = "<group>";
		};
		004E8184292BE2B10030DBDD = {
			isa = PBXGroup;
			children = (
				004E818F292BE2B10030DBDD /* VkNewsFeedCleanSwift */,
				004E819B292BE2B20030DBDD /* LaunchScreen.storyboard */,
				004E818E292BE2B10030DBDD /* Products */,
				004E81A5292BEDDC0030DBDD /* Frameworks */,
				37542B69E3AB48D3829FD5C3 /* Pods */,
			);
			sourceTree = "<group>";
		};
		004E818E292BE2B10030DBDD /* Products */ = {
			isa = PBXGroup;
			children = (
				004E818D292BE2B10030DBDD /* VkNewsFeedCleanSwift.app */,
			);
			name = Products;
			sourceTree = "<group>";
		};
		004E818F292BE2B10030DBDD /* VkNewsFeedCleanSwift */ = {
			isa = PBXGroup;
			children = (
				0008CD80292C03FF00713391 /* Services */,
				005BFC79292E6277005A9364 /* NewsFeed */,
				006DC0D4292D0B3700B3AA20 /* AuthViewController */,
				006DC0D5292D0B4800B3AA20 /* App */,
				006DC0D6292D0B5200B3AA20 /* Resurces */,
			);
			path = VkNewsFeedCleanSwift;
			sourceTree = "<group>";
		};
		004E81A5292BEDDC0030DBDD /* Frameworks */ = {
			isa = PBXGroup;
			children = (
				004E81A6292BEDDD0030DBDD /* VKSdkFramework */,
				D343DE99C921144AF35F84E8 /* Pods_VkNewsFeedCleanSwift.framework */,
			);
			name = Frameworks;
			sourceTree = "<group>";
		};
		005BFC79292E6277005A9364 /* NewsFeed */ = {
			isa = PBXGroup;
			children = (
				005BFC8A292E9E86005A9364 /* Cell */,
				005BFC7E292E62A4005A9364 /* NewsFeedViewController.swift */,
				005BFC7F292E62A4005A9364 /* NewsFeedInteractor.swift */,
				005BFC7A292E62A4005A9364 /* NewsFeedPresenter.swift */,
				005BFC7B292E62A4005A9364 /* NewsFeedWorker.swift */,
				005BFC7C292E62A4005A9364 /* NewsFeedRouter.swift */,
				005BFC7D292E62A4005A9364 /* NewsFeedModels.swift */,
				005BFC88292E7B0B005A9364 /* NewsFeedViewController.storyboard */,
			);
			name = NewsFeed;
			sourceTree = "<group>";
		};
		005BFC8A292E9E86005A9364 /* Cell */ = {
			isa = PBXGroup;
			children = (
				005BFC8B292E9E91005A9364 /* NewsfeedCell.swift */,
				005BFC8D292E9ED6005A9364 /* NewsfeedCell.xib */,
				000EF00529314551006F9147 /* NewsFeedCellLayoutCalculator.swift */,
			);
			name = Cell;
			sourceTree = "<group>";
		};
		006DC0D4292D0B3700B3AA20 /* AuthViewController */ = {
			isa = PBXGroup;
			children = (
				004E8194292BE2B10030DBDD /* AuthViewController.swift */,
				0008CD81292C060800713391 /* AuthViewController.storyboard */,
			);
			path = AuthViewController;
			sourceTree = "<group>";
		};
		006DC0D5292D0B4800B3AA20 /* App */ = {
			isa = PBXGroup;
			children = (
				004E8190292BE2B10030DBDD /* AppDelegate.swift */,
				004E8192292BE2B10030DBDD /* SceneDelegate.swift */,
				004E819E292BE2B20030DBDD /* Info.plist */,
			);
			path = App;
			sourceTree = "<group>";
		};
		006DC0D6292D0B5200B3AA20 /* Resurces */ = {
			isa = PBXGroup;
			children = (
				004E8199292BE2B20030DBDD /* Assets.xcassets */,
			);
			path = Resurces;
			sourceTree = "<group>";
		};
		006DC0E1292D62D900B3AA20 /* Models */ = {
			isa = PBXGroup;
			children = (
				006DC0E2292D67FF00B3AA20 /* FeedResponse.swift */,
			);
			path = Models;
			sourceTree = "<group>";
		};
		37542B69E3AB48D3829FD5C3 /* Pods */ = {
			isa = PBXGroup;
			children = (
				DCF9C220BAA9B584820E9FE9 /* Pods-VkNewsFeedCleanSwift.debug.xcconfig */,
				B103EAE2FACC6970B3F1A607 /* Pods-VkNewsFeedCleanSwift.release.xcconfig */,
			);
			path = Pods;
			sourceTree = "<group>";
		};
/* End PBXGroup section */

/* Begin PBXNativeTarget section */
		004E818C292BE2B10030DBDD /* VkNewsFeedCleanSwift */ = {
			isa = PBXNativeTarget;
			buildConfigurationList = 004E81A1292BE2B20030DBDD /* Build configuration list for PBXNativeTarget "VkNewsFeedCleanSwift" */;
			buildPhases = (
				939B9D598140A19B5BBA8EA8 /* [CP] Check Pods Manifest.lock */,
				004E8189292BE2B10030DBDD /* Sources */,
				004E818A292BE2B10030DBDD /* Frameworks */,
				004E818B292BE2B10030DBDD /* Resources */,
				2A68D16E9790BF8A44897EF6 /* [CP] Embed Pods Frameworks */,
				0008CD7D292C034A00713391 /* Embed Frameworks */,
			);
			buildRules = (
			);
			dependencies = (
			);
			name = VkNewsFeedCleanSwift;
			productName = VkNewsFeedCleanSwift;
			productReference = 004E818D292BE2B10030DBDD /* VkNewsFeedCleanSwift.app */;
			productType = "com.apple.product-type.application";
		};
/* End PBXNativeTarget section */

/* Begin PBXProject section */
		004E8185292BE2B10030DBDD /* Project object */ = {
			isa = PBXProject;
			attributes = {
				BuildIndependentTargetsInParallel = 1;
				LastSwiftUpdateCheck = 1400;
				LastUpgradeCheck = 1400;
				TargetAttributes = {
					004E818C292BE2B10030DBDD = {
						CreatedOnToolsVersion = 14.0;
					};
				};
			};
			buildConfigurationList = 004E8188292BE2B10030DBDD /* Build configuration list for PBXProject "VkNewsFeedCleanSwift" */;
			compatibilityVersion = "Xcode 14.0";
			developmentRegion = en;
			hasScannedForEncodings = 0;
			knownRegions = (
				en,
				Base,
			);
			mainGroup = 004E8184292BE2B10030DBDD;
			productRefGroup = 004E818E292BE2B10030DBDD /* Products */;
			projectDirPath = "";
			projectRoot = "";
			targets = (
				004E818C292BE2B10030DBDD /* VkNewsFeedCleanSwift */,
			);
		};
/* End PBXProject section */

/* Begin PBXResourcesBuildPhase section */
		004E818B292BE2B10030DBDD /* Resources */ = {
			isa = PBXResourcesBuildPhase;
			buildActionMask = 2147483647;
			files = (
				005BFC89292E7B0B005A9364 /* NewsFeedViewController.storyboard in Resources */,
				004E819D292BE2B20030DBDD /* LaunchScreen.storyboard in Resources */,
				0008CD82292C060800713391 /* AuthViewController.storyboard in Resources */,
				004E819A292BE2B20030DBDD /* Assets.xcassets in Resources */,
				005BFC8E292E9ED6005A9364 /* NewsfeedCell.xib in Resources */,
			);
			runOnlyForDeploymentPostprocessing = 0;
		};
/* End PBXResourcesBuildPhase section */

/* Begin PBXShellScriptBuildPhase section */
		2A68D16E9790BF8A44897EF6 /* [CP] Embed Pods Frameworks */ = {
			isa = PBXShellScriptBuildPhase;
			buildActionMask = 2147483647;
			files = (
			);
			inputFileListPaths = (
				"${PODS_ROOT}/Target Support Files/Pods-VkNewsFeedCleanSwift/Pods-VkNewsFeedCleanSwift-frameworks-${CONFIGURATION}-input-files.xcfilelist",
			);
			name = "[CP] Embed Pods Frameworks";
			outputFileListPaths = (
				"${PODS_ROOT}/Target Support Files/Pods-VkNewsFeedCleanSwift/Pods-VkNewsFeedCleanSwift-frameworks-${CONFIGURATION}-output-files.xcfilelist",
			);
			runOnlyForDeploymentPostprocessing = 0;
			shellPath = /bin/sh;
			shellScript = "\"${PODS_ROOT}/Target Support Files/Pods-VkNewsFeedCleanSwift/Pods-VkNewsFeedCleanSwift-frameworks.sh\"\n";
			showEnvVarsInLog = 0;
		};
		939B9D598140A19B5BBA8EA8 /* [CP] Check Pods Manifest.lock */ = {
			isa = PBXShellScriptBuildPhase;
			buildActionMask = 2147483647;
			files = (
			);
			inputFileListPaths = (
			);
			inputPaths = (
				"${PODS_PODFILE_DIR_PATH}/Podfile.lock",
				"${PODS_ROOT}/Manifest.lock",
			);
			name = "[CP] Check Pods Manifest.lock";
			outputFileListPaths = (
			);
			outputPaths = (
				"$(DERIVED_FILE_DIR)/Pods-VkNewsFeedCleanSwift-checkManifestLockResult.txt",
			);
			runOnlyForDeploymentPostprocessing = 0;
			shellPath = /bin/sh;
			shellScript = "diff \"${PODS_PODFILE_DIR_PATH}/Podfile.lock\" \"${PODS_ROOT}/Manifest.lock\" > /dev/null\nif [ $? != 0 ] ; then\n    # print error to STDERR\n    echo \"error: The sandbox is not in sync with the Podfile.lock. Run 'pod install' or update your CocoaPods installation.\" >&2\n    exit 1\nfi\n# This output is used by Xcode 'outputs' to avoid re-running this script phase.\necho \"SUCCESS\" > \"${SCRIPT_OUTPUT_FILE_0}\"\n";
			showEnvVarsInLog = 0;
		};
/* End PBXShellScriptBuildPhase section */

/* Begin PBXSourcesBuildPhase section */
		004E8189292BE2B10030DBDD /* Sources */ = {
			isa = PBXSourcesBuildPhase;
			buildActionMask = 2147483647;
			files = (
				006DC0E3292D67FF00B3AA20 /* FeedResponse.swift in Sources */,
				000EF00829315283006F9147 /* String + Height.swift in Sources */,
				005BFC81292E62A4005A9364 /* NewsFeedPresenter.swift in Sources */,
				004E8195292BE2B10030DBDD /* AuthViewController.swift in Sources */,
				004E8191292BE2B10030DBDD /* AppDelegate.swift in Sources */,
				005BFC86292E62A4005A9364 /* NewsFeedInteractor.swift in Sources */,
				004E8193292BE2B10030DBDD /* SceneDelegate.swift in Sources */,
				006DC0D8292D20C200B3AA20 /* NetworkService.swift in Sources */,
				006DC0E5292E496500B3AA20 /* NetworkDataFetcher.swift in Sources */,
				005BFC82292E62A4005A9364 /* NewsFeedWorker.swift in Sources */,
				00A24E1D292FC6F700E7CD6B /* WebImageView.swift in Sources */,
				005BFC83292E62A4005A9364 /* NewsFeedRouter.swift in Sources */,
				0008CD7F292C03F900713391 /* AuthService.swift in Sources */,
				006DC0DA292D21C300B3AA20 /* API.swift in Sources */,
				005BFC84292E62A4005A9364 /* NewsFeedModels.swift in Sources */,
				005BFC8C292E9E91005A9364 /* NewsfeedCell.swift in Sources */,
				005BFC85292E62A4005A9364 /* NewsFeedViewController.swift in Sources */,
				000EF00629314551006F9147 /* NewsFeedCellLayoutCalculator.swift in Sources */,
			);
			runOnlyForDeploymentPostprocessing = 0;
		};
/* End PBXSourcesBuildPhase section */

/* Begin PBXVariantGroup section */
		004E819B292BE2B20030DBDD /* LaunchScreen.storyboard */ = {
			isa = PBXVariantGroup;
			children = (
				004E819C292BE2B20030DBDD /* Base */,
			);
			name = LaunchScreen.storyboard;
			sourceTree = "<group>";
		};
/* End PBXVariantGroup section */

/* Begin XCBuildConfiguration section */
		004E819F292BE2B20030DBDD /* Debug */ = {
			isa = XCBuildConfiguration;
			buildSettings = {
				ALWAYS_SEARCH_USER_PATHS = NO;
				CLANG_ANALYZER_NONNULL = YES;
				CLANG_ANALYZER_NUMBER_OBJECT_CONVERSION = YES_AGGRESSIVE;
				CLANG_CXX_LANGUAGE_STANDARD = "gnu++20";
				CLANG_ENABLE_MODULES = YES;
				CLANG_ENABLE_OBJC_ARC = YES;
				CLANG_ENABLE_OBJC_WEAK = YES;
				CLANG_WARN_BLOCK_CAPTURE_AUTORELEASING = YES;
				CLANG_WARN_BOOL_CONVERSION = YES;
				CLANG_WARN_COMMA = YES;
				CLANG_WARN_CONSTANT_CONVERSION = YES;
				CLANG_WARN_DEPRECATED_OBJC_IMPLEMENTATIONS = YES;
				CLANG_WARN_DIRECT_OBJC_ISA_USAGE = YES_ERROR;
				CLANG_WARN_DOCUMENTATION_COMMENTS = YES;
				CLANG_WARN_EMPTY_BODY = YES;
				CLANG_WARN_ENUM_CONVERSION = YES;
				CLANG_WARN_INFINITE_RECURSION = YES;
				CLANG_WARN_INT_CONVERSION = YES;
				CLANG_WARN_NON_LITERAL_NULL_CONVERSION = YES;
				CLANG_WARN_OBJC_IMPLICIT_RETAIN_SELF = YES;
				CLANG_WARN_OBJC_LITERAL_CONVERSION = YES;
				CLANG_WARN_OBJC_ROOT_CLASS = YES_ERROR;
				CLANG_WARN_QUOTED_INCLUDE_IN_FRAMEWORK_HEADER = YES;
				CLANG_WARN_RANGE_LOOP_ANALYSIS = YES;
				CLANG_WARN_STRICT_PROTOTYPES = YES;
				CLANG_WARN_SUSPICIOUS_MOVE = YES;
				CLANG_WARN_UNGUARDED_AVAILABILITY = YES_AGGRESSIVE;
				CLANG_WARN_UNREACHABLE_CODE = YES;
				CLANG_WARN__DUPLICATE_METHOD_MATCH = YES;
				COPY_PHASE_STRIP = NO;
				DEBUG_INFORMATION_FORMAT = dwarf;
				ENABLE_STRICT_OBJC_MSGSEND = YES;
				ENABLE_TESTABILITY = YES;
				GCC_C_LANGUAGE_STANDARD = gnu11;
				GCC_DYNAMIC_NO_PIC = NO;
				GCC_NO_COMMON_BLOCKS = YES;
				GCC_OPTIMIZATION_LEVEL = 0;
				GCC_PREPROCESSOR_DEFINITIONS = (
					"DEBUG=1",
					"$(inherited)",
				);
				GCC_WARN_64_TO_32_BIT_CONVERSION = YES;
				GCC_WARN_ABOUT_RETURN_TYPE = YES_ERROR;
				GCC_WARN_UNDECLARED_SELECTOR = YES;
				GCC_WARN_UNINITIALIZED_AUTOS = YES_AGGRESSIVE;
				GCC_WARN_UNUSED_FUNCTION = YES;
				GCC_WARN_UNUSED_VARIABLE = YES;
				IPHONEOS_DEPLOYMENT_TARGET = 16.0;
				MTL_ENABLE_DEBUG_INFO = INCLUDE_SOURCE;
				MTL_FAST_MATH = YES;
				ONLY_ACTIVE_ARCH = YES;
				SDKROOT = iphoneos;
				SWIFT_ACTIVE_COMPILATION_CONDITIONS = DEBUG;
				SWIFT_OPTIMIZATION_LEVEL = "-Onone";
			};
			name = Debug;
		};
		004E81A0292BE2B20030DBDD /* Release */ = {
			isa = XCBuildConfiguration;
			buildSettings = {
				ALWAYS_SEARCH_USER_PATHS = NO;
				CLANG_ANALYZER_NONNULL = YES;
				CLANG_ANALYZER_NUMBER_OBJECT_CONVERSION = YES_AGGRESSIVE;
				CLANG_CXX_LANGUAGE_STANDARD = "gnu++20";
				CLANG_ENABLE_MODULES = YES;
				CLANG_ENABLE_OBJC_ARC = YES;
				CLANG_ENABLE_OBJC_WEAK = YES;
				CLANG_WARN_BLOCK_CAPTURE_AUTORELEASING = YES;
				CLANG_WARN_BOOL_CONVERSION = YES;
				CLANG_WARN_COMMA = YES;
				CLANG_WARN_CONSTANT_CONVERSION = YES;
				CLANG_WARN_DEPRECATED_OBJC_IMPLEMENTATIONS = YES;
				CLANG_WARN_DIRECT_OBJC_ISA_USAGE = YES_ERROR;
				CLANG_WARN_DOCUMENTATION_COMMENTS = YES;
				CLANG_WARN_EMPTY_BODY = YES;
				CLANG_WARN_ENUM_CONVERSION = YES;
				CLANG_WARN_INFINITE_RECURSION = YES;
				CLANG_WARN_INT_CONVERSION = YES;
				CLANG_WARN_NON_LITERAL_NULL_CONVERSION = YES;
				CLANG_WARN_OBJC_IMPLICIT_RETAIN_SELF = YES;
				CLANG_WARN_OBJC_LITERAL_CONVERSION = YES;
				CLANG_WARN_OBJC_ROOT_CLASS = YES_ERROR;
				CLANG_WARN_QUOTED_INCLUDE_IN_FRAMEWORK_HEADER = YES;
				CLANG_WARN_RANGE_LOOP_ANALYSIS = YES;
				CLANG_WARN_STRICT_PROTOTYPES = YES;
				CLANG_WARN_SUSPICIOUS_MOVE = YES;
				CLANG_WARN_UNGUARDED_AVAILABILITY = YES_AGGRESSIVE;
				CLANG_WARN_UNREACHABLE_CODE = YES;
				CLANG_WARN__DUPLICATE_METHOD_MATCH = YES;
				COPY_PHASE_STRIP = NO;
				DEBUG_INFORMATION_FORMAT = "dwarf-with-dsym";
				ENABLE_NS_ASSERTIONS = NO;
				ENABLE_STRICT_OBJC_MSGSEND = YES;
				GCC_C_LANGUAGE_STANDARD = gnu11;
				GCC_NO_COMMON_BLOCKS = YES;
				GCC_WARN_64_TO_32_BIT_CONVERSION = YES;
				GCC_WARN_ABOUT_RETURN_TYPE = YES_ERROR;
				GCC_WARN_UNDECLARED_SELECTOR = YES;
				GCC_WARN_UNINITIALIZED_AUTOS = YES_AGGRESSIVE;
				GCC_WARN_UNUSED_FUNCTION = YES;
				GCC_WARN_UNUSED_VARIABLE = YES;
				IPHONEOS_DEPLOYMENT_TARGET = 16.0;
				MTL_ENABLE_DEBUG_INFO = NO;
				MTL_FAST_MATH = YES;
				SDKROOT = iphoneos;
				SWIFT_COMPILATION_MODE = wholemodule;
				SWIFT_OPTIMIZATION_LEVEL = "-O";
				VALIDATE_PRODUCT = YES;
			};
			name = Release;
		};
		004E81A2292BE2B20030DBDD /* Debug */ = {
			isa = XCBuildConfiguration;
			baseConfigurationReference = DCF9C220BAA9B584820E9FE9 /* Pods-VkNewsFeedCleanSwift.debug.xcconfig */;
			buildSettings = {
				ASSETCATALOG_COMPILER_APPICON_NAME = AppIcon;
				ASSETCATALOG_COMPILER_GLOBAL_ACCENT_COLOR_NAME = AccentColor;
				CODE_SIGN_STYLE = Automatic;
				CURRENT_PROJECT_VERSION = 1;
				DEVELOPMENT_TEAM = W9FSXFWG34;
				EXCLUDED_ARCHS = "";
				GENERATE_INFOPLIST_FILE = YES;
				INFOPLIST_FILE = VkNewsFeedCleanSwift/App/Info.plist;
				INFOPLIST_KEY_UIApplicationSupportsIndirectInputEvents = YES;
				INFOPLIST_KEY_UILaunchStoryboardName = LaunchScreen;
				INFOPLIST_KEY_UIRequiresFullScreen = NO;
				INFOPLIST_KEY_UISupportedInterfaceOrientations_iPad = "UIInterfaceOrientationPortrait UIInterfaceOrientationPortraitUpsideDown UIInterfaceOrientationLandscapeLeft UIInterfaceOrientationLandscapeRight";
				INFOPLIST_KEY_UISupportedInterfaceOrientations_iPhone = "UIInterfaceOrientationPortrait UIInterfaceOrientationLandscapeLeft UIInterfaceOrientationLandscapeRight";
				LD_RUNPATH_SEARCH_PATHS = (
					"$(inherited)",
					"@executable_path/Frameworks",
				);
				LIBRARY_SEARCH_PATHS = (
					"$(inherited)",
					"$(PROJECT_DIR)/Carthage/Build/iOS/VKSdkFramework.framework",
				);
				MARKETING_VERSION = 1.0;
				PRODUCT_BUNDLE_IDENTIFIER = artemorlov.VkNewsFeedCleanSwift;
				PRODUCT_NAME = "$(TARGET_NAME)";
				SWIFT_EMIT_LOC_STRINGS = YES;
				SWIFT_VERSION = 5.0;
				TARGETED_DEVICE_FAMILY = "1,2";
			};
			name = Debug;
		};
		004E81A3292BE2B20030DBDD /* Release */ = {
			isa = XCBuildConfiguration;
			baseConfigurationReference = B103EAE2FACC6970B3F1A607 /* Pods-VkNewsFeedCleanSwift.release.xcconfig */;
			buildSettings = {
				ASSETCATALOG_COMPILER_APPICON_NAME = AppIcon;
				ASSETCATALOG_COMPILER_GLOBAL_ACCENT_COLOR_NAME = AccentColor;
				CODE_SIGN_STYLE = Automatic;
				CURRENT_PROJECT_VERSION = 1;
				DEVELOPMENT_TEAM = W9FSXFWG34;
				EXCLUDED_ARCHS = "";
				GENERATE_INFOPLIST_FILE = YES;
				INFOPLIST_FILE = VkNewsFeedCleanSwift/App/Info.plist;
				INFOPLIST_KEY_UIApplicationSupportsIndirectInputEvents = YES;
				INFOPLIST_KEY_UILaunchStoryboardName = LaunchScreen;
				INFOPLIST_KEY_UIRequiresFullScreen = NO;
				INFOPLIST_KEY_UISupportedInterfaceOrientations_iPad = "UIInterfaceOrientationPortrait UIInterfaceOrientationPortraitUpsideDown UIInterfaceOrientationLandscapeLeft UIInterfaceOrientationLandscapeRight";
				INFOPLIST_KEY_UISupportedInterfaceOrientations_iPhone = "UIInterfaceOrientationPortrait UIInterfaceOrientationLandscapeLeft UIInterfaceOrientationLandscapeRight";
				LD_RUNPATH_SEARCH_PATHS = (
					"$(inherited)",
					"@executable_path/Frameworks",
				);
				LIBRARY_SEARCH_PATHS = (
					"$(inherited)",
					"$(PROJECT_DIR)/Carthage/Build/iOS/VKSdkFramework.framework",
				);
				MARKETING_VERSION = 1.0;
				PRODUCT_BUNDLE_IDENTIFIER = artemorlov.VkNewsFeedCleanSwift;
				PRODUCT_NAME = "$(TARGET_NAME)";
				SWIFT_EMIT_LOC_STRINGS = YES;
				SWIFT_VERSION = 5.0;
				TARGETED_DEVICE_FAMILY = "1,2";
			};
			name = Release;
		};
/* End XCBuildConfiguration section */

/* Begin XCConfigurationList section */
		004E8188292BE2B10030DBDD /* Build configuration list for PBXProject "VkNewsFeedCleanSwift" */ = {
			isa = XCConfigurationList;
			buildConfigurations = (
				004E819F292BE2B20030DBDD /* Debug */,
				004E81A0292BE2B20030DBDD /* Release */,
			);
			defaultConfigurationIsVisible = 0;
			defaultConfigurationName = Release;
		};
		004E81A1292BE2B20030DBDD /* Build configuration list for PBXNativeTarget "VkNewsFeedCleanSwift" */ = {
			isa = XCConfigurationList;
			buildConfigurations = (
				004E81A2292BE2B20030DBDD /* Debug */,
				004E81A3292BE2B20030DBDD /* Release */,
			);
			defaultConfigurationIsVisible = 0;
			defaultConfigurationName = Release;
		};
/* End XCConfigurationList section */
	};
	rootObject = 004E8185292BE2B10030DBDD /* Project object */;
}
